// !$*UTF8*$!
{
	archiveVersion = 1;
	classes = {
	};
	objectVersion = 46;
	objects = {

/* Begin PBXBuildFile section */
		DE575E1C1BE374D70035CE47 /* PhysicsCategories.swift in Sources */ = {isa = PBXBuildFile; fileRef = DE575E1B1BE374D70035CE47 /* PhysicsCategories.swift */; };
		DE9330C21B0FC7C9008A0A6C /* Enemy.swift in Sources */ = {isa = PBXBuildFile; fileRef = DE9330C11B0FC7C9008A0A6C /* Enemy.swift */; };
		DEB00B421B0B2E9600E0169A /* Close.png in Resources */ = {isa = PBXBuildFile; fileRef = DEB00B2E1B0B2E9600E0169A /* Close.png */; };
		DEB00B431B0B2E9600E0169A /* Close2.png in Resources */ = {isa = PBXBuildFile; fileRef = DEB00B2F1B0B2E9600E0169A /* Close2.png */; };
		DEB00B441B0B2E9600E0169A /* HighScore.png in Resources */ = {isa = PBXBuildFile; fileRef = DEB00B301B0B2E9600E0169A /* HighScore.png */; };
		DEB00B451B0B2E9600E0169A /* HighScore2.png in Resources */ = {isa = PBXBuildFile; fileRef = DEB00B311B0B2E9600E0169A /* HighScore2.png */; };
		DEB00B461B0B2E9600E0169A /* level.png in Resources */ = {isa = PBXBuildFile; fileRef = DEB00B321B0B2E9600E0169A /* level.png */; };
		DEB00B471B0B2E9600E0169A /* level2.png in Resources */ = {isa = PBXBuildFile; fileRef = DEB00B331B0B2E9600E0169A /* level2.png */; };
		DEB00B481B0B2E9600E0169A /* off.png in Resources */ = {isa = PBXBuildFile; fileRef = DEB00B341B0B2E9600E0169A /* off.png */; };
		DEB00B491B0B2E9600E0169A /* off2.png in Resources */ = {isa = PBXBuildFile; fileRef = DEB00B351B0B2E9600E0169A /* off2.png */; };
		DEB00B4A1B0B2E9600E0169A /* ok.png in Resources */ = {isa = PBXBuildFile; fileRef = DEB00B361B0B2E9600E0169A /* ok.png */; };
		DEB00B4B1B0B2E9600E0169A /* ok2.png in Resources */ = {isa = PBXBuildFile; fileRef = DEB00B371B0B2E9600E0169A /* ok2.png */; };
		DEB00B4C1B0B2E9600E0169A /* on.png in Resources */ = {isa = PBXBuildFile; fileRef = DEB00B381B0B2E9600E0169A /* on.png */; };
		DEB00B4D1B0B2E9600E0169A /* on2.png in Resources */ = {isa = PBXBuildFile; fileRef = DEB00B391B0B2E9600E0169A /* on2.png */; };
		DEB00B4E1B0B2E9600E0169A /* setting.png in Resources */ = {isa = PBXBuildFile; fileRef = DEB00B3A1B0B2E9600E0169A /* setting.png */; };
		DEB00B4F1B0B2E9600E0169A /* setting2.png in Resources */ = {isa = PBXBuildFile; fileRef = DEB00B3B1B0B2E9600E0169A /* setting2.png */; };
		DEB00B501B0B2E9600E0169A /* speed.png in Resources */ = {isa = PBXBuildFile; fileRef = DEB00B3C1B0B2E9600E0169A /* speed.png */; };
		DEB00B511B0B2E9600E0169A /* speed2.png in Resources */ = {isa = PBXBuildFile; fileRef = DEB00B3D1B0B2E9600E0169A /* speed2.png */; };
		DEB00B521B0B2E9600E0169A /* Start.png in Resources */ = {isa = PBXBuildFile; fileRef = DEB00B3E1B0B2E9600E0169A /* Start.png */; };
		DEB00B531B0B2E9600E0169A /* Start2.png in Resources */ = {isa = PBXBuildFile; fileRef = DEB00B3F1B0B2E9600E0169A /* Start2.png */; };
		DEB00B541B0B2E9600E0169A /* stop.png in Resources */ = {isa = PBXBuildFile; fileRef = DEB00B401B0B2E9600E0169A /* stop.png */; };
		DEB00B551B0B2E9600E0169A /* stop2.png in Resources */ = {isa = PBXBuildFile; fileRef = DEB00B411B0B2E9600E0169A /* stop2.png */; };
		DEB00B5B1B0BA5B200E0169A /* canneds.atlas in Resources */ = {isa = PBXBuildFile; fileRef = DEB00B5A1B0BA5B200E0169A /* canneds.atlas */; };
		DEC1E9FD1BF27453002D6594 /* Fish1.swift in Sources */ = {isa = PBXBuildFile; fileRef = DEC1E9FC1BF27453002D6594 /* Fish1.swift */; };
		DEC1E9FF1BF27EF1002D6594 /* Fiah2.swift in Sources */ = {isa = PBXBuildFile; fileRef = DEC1E9FE1BF27EF1002D6594 /* Fiah2.swift */; };
		DEC1EA011BF287E8002D6594 /* Shoes.swift in Sources */ = {isa = PBXBuildFile; fileRef = DEC1EA001BF287E8002D6594 /* Shoes.swift */; };
		DEC1EA031BF28CE8002D6594 /* Images.xcassets in Resources */ = {isa = PBXBuildFile; fileRef = DEC1EA021BF28CE8002D6594 /* Images.xcassets */; };
		DEC1EA051BF29042002D6594 /* Cans.swift in Sources */ = {isa = PBXBuildFile; fileRef = DEC1EA041BF29042002D6594 /* Cans.swift */; };
		DED7DFB91B0CCFD000430C20 /* LevelOne.swift in Sources */ = {isa = PBXBuildFile; fileRef = DED7DFB81B0CCFD000430C20 /* LevelOne.swift */; };
		DED7DFBB1B0CCFE500430C20 /* LevelTwo.swift in Sources */ = {isa = PBXBuildFile; fileRef = DED7DFBA1B0CCFE500430C20 /* LevelTwo.swift */; };
		DED7DFBD1B0CCFFD00430C20 /* Speed.swift in Sources */ = {isa = PBXBuildFile; fileRef = DED7DFBC1B0CCFFD00430C20 /* Speed.swift */; };
		DED7DFBF1B0CF77D00430C20 /* shoe.atlas in Resources */ = {isa = PBXBuildFile; fileRef = DED7DFBE1B0CF77D00430C20 /* shoe.atlas */; };
		FD5CA6541B0A3A5D00EEC868 /* AppDelegate.swift in Sources */ = {isa = PBXBuildFile; fileRef = FD5CA6531B0A3A5D00EEC868 /* AppDelegate.swift */; };
		FD5CA6561B0A3A5D00EEC868 /* GameScene.sks in Resources */ = {isa = PBXBuildFile; fileRef = FD5CA6551B0A3A5D00EEC868 /* GameScene.sks */; };
		FD5CA6581B0A3A5D00EEC868 /* GameScene.swift in Sources */ = {isa = PBXBuildFile; fileRef = FD5CA6571B0A3A5D00EEC868 /* GameScene.swift */; };
		FD5CA65A1B0A3A5D00EEC868 /* GameViewController.swift in Sources */ = {isa = PBXBuildFile; fileRef = FD5CA6591B0A3A5D00EEC868 /* GameViewController.swift */; };
		FD5CA65D1B0A3A5D00EEC868 /* Main.storyboard in Resources */ = {isa = PBXBuildFile; fileRef = FD5CA65B1B0A3A5D00EEC868 /* Main.storyboard */; };
		FD5CA6621B0A3A5D00EEC868 /* LaunchScreen.xib in Resources */ = {isa = PBXBuildFile; fileRef = FD5CA6601B0A3A5D00EEC868 /* LaunchScreen.xib */; };
		FD5CA66E1B0A3A5D00EEC868 /* FishingTimeTests.swift in Sources */ = {isa = PBXBuildFile; fileRef = FD5CA66D1B0A3A5D00EEC868 /* FishingTimeTests.swift */; };
		FD5CA6A51B0A6D9900EEC868 /* Play.swift in Sources */ = {isa = PBXBuildFile; fileRef = FD5CA6A41B0A6D9900EEC868 /* Play.swift */; };
		FD5CA6A91B0A6E7300EEC868 /* Setting.swift in Sources */ = {isa = PBXBuildFile; fileRef = FD5CA6A81B0A6E7300EEC868 /* Setting.swift */; };
		FD5CA6BD1B0A8FB300EEC868 /* HighScore.swift in Sources */ = {isa = PBXBuildFile; fileRef = FD5CA6BC1B0A8FB300EEC868 /* HighScore.swift */; };
		FD5CA6C11B0A94C900EEC868 /* chon.atlas in Resources */ = {isa = PBXBuildFile; fileRef = FD5CA6C01B0A94C900EEC868 /* chon.atlas */; };
		FD5CA6C31B0A94D400EEC868 /* fish.atlas in Resources */ = {isa = PBXBuildFile; fileRef = FD5CA6C21B0A94D400EEC868 /* fish.atlas */; };
		FD8069461C1C377B00DF39FC /* background.mp3 in Resources */ = {isa = PBXBuildFile; fileRef = FD8069451C1C377B00DF39FC /* background.mp3 */; };
		FDE420F51C1C8D42009C81B2 /* ScoreLevel1.swift in Sources */ = {isa = PBXBuildFile; fileRef = FDE420F21C1C8D42009C81B2 /* ScoreLevel1.swift */; };
		FDE420F61C1C8D42009C81B2 /* ScoreLevel2.swift in Sources */ = {isa = PBXBuildFile; fileRef = FDE420F31C1C8D42009C81B2 /* ScoreLevel2.swift */; };
		FDE420F71C1C8D42009C81B2 /* ScoreSpeed.swift in Sources */ = {isa = PBXBuildFile; fileRef = FDE420F41C1C8D42009C81B2 /* ScoreSpeed.swift */; };
		FDE420F91C1CA78B009C81B2 /* Control.swift in Sources */ = {isa = PBXBuildFile; fileRef = FDE420F81C1CA78B009C81B2 /* Control.swift */; };
		FDE420FB1C1CABAC009C81B2 /* Rope.swift in Sources */ = {isa = PBXBuildFile; fileRef = FDE420FA1C1CABAC009C81B2 /* Rope.swift */; };
		FDE420FD1C1CAD69009C81B2 /* Man.swift in Sources */ = {isa = PBXBuildFile; fileRef = FDE420FC1C1CAD69009C81B2 /* Man.swift */; };
/* End PBXBuildFile section */

/* Begin PBXContainerItemProxy section */
		FD5CA6681B0A3A5D00EEC868 /* PBXContainerItemProxy */ = {
			isa = PBXContainerItemProxy;
			containerPortal = FD5CA6461B0A3A5D00EEC868 /* Project object */;
			proxyType = 1;
			remoteGlobalIDString = FD5CA64D1B0A3A5D00EEC868;
			remoteInfo = FishingTime;
		};
/* End PBXContainerItemProxy section */

/* Begin PBXFileReference section */
		DE575E1B1BE374D70035CE47 /* PhysicsCategories.swift */ = {isa = PBXFileReference; fileEncoding = 4; lastKnownFileType = sourcecode.swift; path = PhysicsCategories.swift; sourceTree = "<group>"; };
		DE9330C11B0FC7C9008A0A6C /* Enemy.swift */ = {isa = PBXFileReference; fileEncoding = 4; lastKnownFileType = sourcecode.swift; path = Enemy.swift; sourceTree = "<group>"; };
		DEB00B2E1B0B2E9600E0169A /* Close.png */ = {isa = PBXFileReference; lastKnownFileType = image.png; path = Close.png; sourceTree = "<group>"; };
		DEB00B2F1B0B2E9600E0169A /* Close2.png */ = {isa = PBXFileReference; lastKnownFileType = image.png; path = Close2.png; sourceTree = "<group>"; };
		DEB00B301B0B2E9600E0169A /* HighScore.png */ = {isa = PBXFileReference; lastKnownFileType = image.png; path = HighScore.png; sourceTree = "<group>"; };
		DEB00B311B0B2E9600E0169A /* HighScore2.png */ = {isa = PBXFileReference; lastKnownFileType = image.png; path = HighScore2.png; sourceTree = "<group>"; };
		DEB00B321B0B2E9600E0169A /* level.png */ = {isa = PBXFileReference; lastKnownFileType = image.png; path = level.png; sourceTree = "<group>"; };
		DEB00B331B0B2E9600E0169A /* level2.png */ = {isa = PBXFileReference; lastKnownFileType = image.png; path = level2.png; sourceTree = "<group>"; };
		DEB00B341B0B2E9600E0169A /* off.png */ = {isa = PBXFileReference; lastKnownFileType = image.png; path = off.png; sourceTree = "<group>"; };
		DEB00B351B0B2E9600E0169A /* off2.png */ = {isa = PBXFileReference; lastKnownFileType = image.png; path = off2.png; sourceTree = "<group>"; };
		DEB00B361B0B2E9600E0169A /* ok.png */ = {isa = PBXFileReference; lastKnownFileType = image.png; path = ok.png; sourceTree = "<group>"; };
		DEB00B371B0B2E9600E0169A /* ok2.png */ = {isa = PBXFileReference; lastKnownFileType = image.png; path = ok2.png; sourceTree = "<group>"; };
		DEB00B381B0B2E9600E0169A /* on.png */ = {isa = PBXFileReference; lastKnownFileType = image.png; path = on.png; sourceTree = "<group>"; };
		DEB00B391B0B2E9600E0169A /* on2.png */ = {isa = PBXFileReference; lastKnownFileType = image.png; path = on2.png; sourceTree = "<group>"; };
		DEB00B3A1B0B2E9600E0169A /* setting.png */ = {isa = PBXFileReference; lastKnownFileType = image.png; path = setting.png; sourceTree = "<group>"; };
		DEB00B3B1B0B2E9600E0169A /* setting2.png */ = {isa = PBXFileReference; lastKnownFileType = image.png; path = setting2.png; sourceTree = "<group>"; };
		DEB00B3C1B0B2E9600E0169A /* speed.png */ = {isa = PBXFileReference; lastKnownFileType = image.png; path = speed.png; sourceTree = "<group>"; };
		DEB00B3D1B0B2E9600E0169A /* speed2.png */ = {isa = PBXFileReference; lastKnownFileType = image.png; path = speed2.png; sourceTree = "<group>"; };
		DEB00B3E1B0B2E9600E0169A /* Start.png */ = {isa = PBXFileReference; lastKnownFileType = image.png; path = Start.png; sourceTree = "<group>"; };
		DEB00B3F1B0B2E9600E0169A /* Start2.png */ = {isa = PBXFileReference; lastKnownFileType = image.png; path = Start2.png; sourceTree = "<group>"; };
		DEB00B401B0B2E9600E0169A /* stop.png */ = {isa = PBXFileReference; lastKnownFileType = image.png; path = stop.png; sourceTree = "<group>"; };
		DEB00B411B0B2E9600E0169A /* stop2.png */ = {isa = PBXFileReference; lastKnownFileType = image.png; path = stop2.png; sourceTree = "<group>"; };
		DEB00B5A1B0BA5B200E0169A /* canneds.atlas */ = {isa = PBXFileReference; lastKnownFileType = folder.skatlas; path = canneds.atlas; sourceTree = "<group>"; };
		DEC1E9FC1BF27453002D6594 /* Fish1.swift */ = {isa = PBXFileReference; fileEncoding = 4; lastKnownFileType = sourcecode.swift; path = Fish1.swift; sourceTree = "<group>"; };
		DEC1E9FE1BF27EF1002D6594 /* Fiah2.swift */ = {isa = PBXFileReference; fileEncoding = 4; lastKnownFileType = sourcecode.swift; path = Fiah2.swift; sourceTree = "<group>"; };
		DEC1EA001BF287E8002D6594 /* Shoes.swift */ = {isa = PBXFileReference; fileEncoding = 4; lastKnownFileType = sourcecode.swift; path = Shoes.swift; sourceTree = "<group>"; };
		DEC1EA021BF28CE8002D6594 /* Images.xcassets */ = {isa = PBXFileReference; lastKnownFileType = folder.assetcatalog; path = Images.xcassets; sourceTree = "<group>"; };
		DEC1EA041BF29042002D6594 /* Cans.swift */ = {isa = PBXFileReference; fileEncoding = 4; lastKnownFileType = sourcecode.swift; path = Cans.swift; sourceTree = "<group>"; };
		DED7DFB81B0CCFD000430C20 /* LevelOne.swift */ = {isa = PBXFileReference; fileEncoding = 4; lastKnownFileType = sourcecode.swift; path = LevelOne.swift; sourceTree = "<group>"; };
		DED7DFBA1B0CCFE500430C20 /* LevelTwo.swift */ = {isa = PBXFileReference; fileEncoding = 4; lastKnownFileType = sourcecode.swift; path = LevelTwo.swift; sourceTree = "<group>"; };
		DED7DFBC1B0CCFFD00430C20 /* Speed.swift */ = {isa = PBXFileReference; fileEncoding = 4; lastKnownFileType = sourcecode.swift; path = Speed.swift; sourceTree = "<group>"; };
		DED7DFBE1B0CF77D00430C20 /* shoe.atlas */ = {isa = PBXFileReference; lastKnownFileType = folder.skatlas; path = shoe.atlas; sourceTree = "<group>"; };
		FD5CA64E1B0A3A5D00EEC868 /* FishingTime.app */ = {isa = PBXFileReference; explicitFileType = wrapper.application; includeInIndex = 0; path = FishingTime.app; sourceTree = BUILT_PRODUCTS_DIR; };
		FD5CA6521B0A3A5D00EEC868 /* Info.plist */ = {isa = PBXFileReference; lastKnownFileType = text.plist.xml; path = Info.plist; sourceTree = "<group>"; };
		FD5CA6531B0A3A5D00EEC868 /* AppDelegate.swift */ = {isa = PBXFileReference; lastKnownFileType = sourcecode.swift; path = AppDelegate.swift; sourceTree = "<group>"; };
		FD5CA6551B0A3A5D00EEC868 /* GameScene.sks */ = {isa = PBXFileReference; lastKnownFileType = file.sks; path = GameScene.sks; sourceTree = "<group>"; };
		FD5CA6571B0A3A5D00EEC868 /* GameScene.swift */ = {isa = PBXFileReference; lastKnownFileType = sourcecode.swift; path = GameScene.swift; sourceTree = "<group>"; };
		FD5CA6591B0A3A5D00EEC868 /* GameViewController.swift */ = {isa = PBXFileReference; lastKnownFileType = sourcecode.swift; path = GameViewController.swift; sourceTree = "<group>"; };
		FD5CA65C1B0A3A5D00EEC868 /* Base */ = {isa = PBXFileReference; lastKnownFileType = file.storyboard; name = Base; path = Base.lproj/Main.storyboard; sourceTree = "<group>"; };
		FD5CA6611B0A3A5D00EEC868 /* Base */ = {isa = PBXFileReference; lastKnownFileType = file.xib; name = Base; path = Base.lproj/LaunchScreen.xib; sourceTree = "<group>"; };
		FD5CA6671B0A3A5D00EEC868 /* FishingTimeTests.xctest */ = {isa = PBXFileReference; explicitFileType = wrapper.cfbundle; includeInIndex = 0; path = FishingTimeTests.xctest; sourceTree = BUILT_PRODUCTS_DIR; };
		FD5CA66C1B0A3A5D00EEC868 /* Info.plist */ = {isa = PBXFileReference; lastKnownFileType = text.plist.xml; path = Info.plist; sourceTree = "<group>"; };
		FD5CA66D1B0A3A5D00EEC868 /* FishingTimeTests.swift */ = {isa = PBXFileReference; lastKnownFileType = sourcecode.swift; path = FishingTimeTests.swift; sourceTree = "<group>"; };
		FD5CA6A41B0A6D9900EEC868 /* Play.swift */ = {isa = PBXFileReference; fileEncoding = 4; lastKnownFileType = sourcecode.swift; name = Play.swift; path = ../Play.swift; sourceTree = "<group>"; };
		FD5CA6A81B0A6E7300EEC868 /* Setting.swift */ = {isa = PBXFileReference; fileEncoding = 4; lastKnownFileType = sourcecode.swift; name = Setting.swift; path = ../Setting.swift; sourceTree = "<group>"; };
		FD5CA6BC1B0A8FB300EEC868 /* HighScore.swift */ = {isa = PBXFileReference; fileEncoding = 4; lastKnownFileType = sourcecode.swift; path = HighScore.swift; sourceTree = "<group>"; };
		FD5CA6C01B0A94C900EEC868 /* chon.atlas */ = {isa = PBXFileReference; lastKnownFileType = folder.skatlas; path = chon.atlas; sourceTree = "<group>"; };
		FD5CA6C21B0A94D400EEC868 /* fish.atlas */ = {isa = PBXFileReference; lastKnownFileType = folder.skatlas; path = fish.atlas; sourceTree = "<group>"; };
		FD8069451C1C377B00DF39FC /* background.mp3 */ = {isa = PBXFileReference; lastKnownFileType = audio.mp3; path = background.mp3; sourceTree = SOURCE_ROOT; };
		FDE420F21C1C8D42009C81B2 /* ScoreLevel1.swift */ = {isa = PBXFileReference; fileEncoding = 4; lastKnownFileType = sourcecode.swift; path = ScoreLevel1.swift; sourceTree = "<group>"; };
		FDE420F31C1C8D42009C81B2 /* ScoreLevel2.swift */ = {isa = PBXFileReference; fileEncoding = 4; lastKnownFileType = sourcecode.swift; path = ScoreLevel2.swift; sourceTree = "<group>"; };
		FDE420F41C1C8D42009C81B2 /* ScoreSpeed.swift */ = {isa = PBXFileReference; fileEncoding = 4; lastKnownFileType = sourcecode.swift; path = ScoreSpeed.swift; sourceTree = "<group>"; };
		FDE420F81C1CA78B009C81B2 /* Control.swift */ = {isa = PBXFileReference; fileEncoding = 4; lastKnownFileType = sourcecode.swift; path = Control.swift; sourceTree = "<group>"; };
		FDE420FA1C1CABAC009C81B2 /* Rope.swift */ = {isa = PBXFileReference; fileEncoding = 4; lastKnownFileType = sourcecode.swift; path = Rope.swift; sourceTree = "<group>"; };
		FDE420FC1C1CAD69009C81B2 /* Man.swift */ = {isa = PBXFileReference; fileEncoding = 4; lastKnownFileType = sourcecode.swift; path = Man.swift; sourceTree = "<group>"; };
/* End PBXFileReference section */

/* Begin PBXFrameworksBuildPhase section */
		FD5CA64B1B0A3A5D00EEC868 /* Frameworks */ = {
			isa = PBXFrameworksBuildPhase;
			buildActionMask = 2147483647;
			files = (
			);
			runOnlyForDeploymentPostprocessing = 0;
		};
		FD5CA6641B0A3A5D00EEC868 /* Frameworks */ = {
			isa = PBXFrameworksBuildPhase;
			buildActionMask = 2147483647;
			files = (
			);
			runOnlyForDeploymentPostprocessing = 0;
		};
/* End PBXFrameworksBuildPhase section */

/* Begin PBXGroup section */
		FD5CA6451B0A3A5D00EEC868 = {
			isa = PBXGroup;
			children = (
				DE575E1B1BE374D70035CE47 /* PhysicsCategories.swift */,
				FD5CA6501B0A3A5D00EEC868 /* FistingTime */,
				FD5CA66A1B0A3A5D00EEC868 /* FishingTimeTests */,
				FD5CA64F1B0A3A5D00EEC868 /* Products */,
			);
			sourceTree = "<group>";
		};
		FD5CA64F1B0A3A5D00EEC868 /* Products */ = {
			isa = PBXGroup;
			children = (
				FD5CA64E1B0A3A5D00EEC868 /* FishingTime.app */,
				FD5CA6671B0A3A5D00EEC868 /* FishingTimeTests.xctest */,
			);
			name = Products;
			sourceTree = "<group>";
		};
		FD5CA6501B0A3A5D00EEC868 /* FistingTime */ = {
			isa = PBXGroup;
			children = (
				FDB1F27D1C1B4D4B009F7249 /* Sound */,
				DEC1EA021BF28CE8002D6594 /* Images.xcassets */,
				FD5CA67B1B0A66A800EEC868 /* button */,
				FD5CA6531B0A3A5D00EEC868 /* AppDelegate.swift */,
				FDE420F81C1CA78B009C81B2 /* Control.swift */,
				FDE420FA1C1CABAC009C81B2 /* Rope.swift */,
				FDE420FC1C1CAD69009C81B2 /* Man.swift */,
				DEC1E9FC1BF27453002D6594 /* Fish1.swift */,
				DEC1E9FE1BF27EF1002D6594 /* Fiah2.swift */,
				DEC1EA001BF287E8002D6594 /* Shoes.swift */,
				DEC1EA041BF29042002D6594 /* Cans.swift */,
				DE9330C11B0FC7C9008A0A6C /* Enemy.swift */,
				FD5CA6571B0A3A5D00EEC868 /* GameScene.swift */,
				FD5CA6A41B0A6D9900EEC868 /* Play.swift */,
				FD5CA6A81B0A6E7300EEC868 /* Setting.swift */,
				FD5CA6BC1B0A8FB300EEC868 /* HighScore.swift */,
				FD5CA6591B0A3A5D00EEC868 /* GameViewController.swift */,
				DED7DFB81B0CCFD000430C20 /* LevelOne.swift */,
				DED7DFBA1B0CCFE500430C20 /* LevelTwo.swift */,
				DED7DFBC1B0CCFFD00430C20 /* Speed.swift */,
				FDE420F41C1C8D42009C81B2 /* ScoreSpeed.swift */,
				FDE420F21C1C8D42009C81B2 /* ScoreLevel1.swift */,
				FDE420F31C1C8D42009C81B2 /* ScoreLevel2.swift */,
				FD5CA65B1B0A3A5D00EEC868 /* Main.storyboard */,
				FD5CA6551B0A3A5D00EEC868 /* GameScene.sks */,
				FD5CA6601B0A3A5D00EEC868 /* LaunchScreen.xib */,
				FD5CA6511B0A3A5D00EEC868 /* Supporting Files */,
			);
			name = FistingTime;
			path = FishingTime;
			sourceTree = "<group>";
		};
		FD5CA6511B0A3A5D00EEC868 /* Supporting Files */ = {
			isa = PBXGroup;
			children = (
				DED7DFBE1B0CF77D00430C20 /* shoe.atlas */,
				DEB00B5A1B0BA5B200E0169A /* canneds.atlas */,
				FD5CA6C01B0A94C900EEC868 /* chon.atlas */,
				FD5CA6C21B0A94D400EEC868 /* fish.atlas */,
				FD5CA6521B0A3A5D00EEC868 /* Info.plist */,
			);
			name = "Supporting Files";
			sourceTree = "<group>";
		};
		FD5CA66A1B0A3A5D00EEC868 /* FishingTimeTests */ = {
			isa = PBXGroup;
			children = (
				FD5CA66D1B0A3A5D00EEC868 /* FishingTimeTests.swift */,
				FD5CA66B1B0A3A5D00EEC868 /* Supporting Files */,
			);
			path = FishingTimeTests;
			sourceTree = "<group>";
		};
		FD5CA66B1B0A3A5D00EEC868 /* Supporting Files */ = {
			isa = PBXGroup;
			children = (
				FD5CA66C1B0A3A5D00EEC868 /* Info.plist */,
			);
			name = "Supporting Files";
			sourceTree = "<group>";
		};
		FD5CA67B1B0A66A800EEC868 /* button */ = {
			isa = PBXGroup;
			children = (
				DEB00B2E1B0B2E9600E0169A /* Close.png */,
				DEB00B2F1B0B2E9600E0169A /* Close2.png */,
				DEB00B301B0B2E9600E0169A /* HighScore.png */,
				DEB00B311B0B2E9600E0169A /* HighScore2.png */,
				DEB00B321B0B2E9600E0169A /* level.png */,
				DEB00B331B0B2E9600E0169A /* level2.png */,
				DEB00B341B0B2E9600E0169A /* off.png */,
				DEB00B351B0B2E9600E0169A /* off2.png */,
				DEB00B361B0B2E9600E0169A /* ok.png */,
				DEB00B371B0B2E9600E0169A /* ok2.png */,
				DEB00B381B0B2E9600E0169A /* on.png */,
				DEB00B391B0B2E9600E0169A /* on2.png */,
				DEB00B3A1B0B2E9600E0169A /* setting.png */,
				DEB00B3B1B0B2E9600E0169A /* setting2.png */,
				DEB00B3C1B0B2E9600E0169A /* speed.png */,
				DEB00B3D1B0B2E9600E0169A /* speed2.png */,
				DEB00B3E1B0B2E9600E0169A /* Start.png */,
				DEB00B3F1B0B2E9600E0169A /* Start2.png */,
				DEB00B401B0B2E9600E0169A /* stop.png */,
				DEB00B411B0B2E9600E0169A /* stop2.png */,
			);
			name = button;
			sourceTree = "<group>";
		};
		FDB1F27D1C1B4D4B009F7249 /* Sound */ = {
			isa = PBXGroup;
			children = (
				FD8069451C1C377B00DF39FC /* background.mp3 */,
			);
			name = Sound;
			sourceTree = "<group>";
		};
/* End PBXGroup section */

/* Begin PBXNativeTarget section */
		FD5CA64D1B0A3A5D00EEC868 /* FishingTime */ = {
			isa = PBXNativeTarget;
			buildConfigurationList = FD5CA6711B0A3A5D00EEC868 /* Build configuration list for PBXNativeTarget "FishingTime" */;
			buildPhases = (
				FD5CA64A1B0A3A5D00EEC868 /* Sources */,
				FD5CA64B1B0A3A5D00EEC868 /* Frameworks */,
				FD5CA64C1B0A3A5D00EEC868 /* Resources */,
			);
			buildRules = (
			);
			dependencies = (
			);
			name = FishingTime;
			productName = FishingTime;
			productReference = FD5CA64E1B0A3A5D00EEC868 /* FishingTime.app */;
			productType = "com.apple.product-type.application";
		};
		FD5CA6661B0A3A5D00EEC868 /* FishingTimeTests */ = {
			isa = PBXNativeTarget;
			buildConfigurationList = FD5CA6741B0A3A5D00EEC868 /* Build configuration list for PBXNativeTarget "FishingTimeTests" */;
			buildPhases = (
				FD5CA6631B0A3A5D00EEC868 /* Sources */,
				FD5CA6641B0A3A5D00EEC868 /* Frameworks */,
				FD5CA6651B0A3A5D00EEC868 /* Resources */,
			);
			buildRules = (
			);
			dependencies = (
				FD5CA6691B0A3A5D00EEC868 /* PBXTargetDependency */,
			);
			name = FishingTimeTests;
			productName = FishingTimeTests;
			productReference = FD5CA6671B0A3A5D00EEC868 /* FishingTimeTests.xctest */;
			productType = "com.apple.product-type.bundle.unit-test";
		};
/* End PBXNativeTarget section */

/* Begin PBXProject section */
		FD5CA6461B0A3A5D00EEC868 /* Project object */ = {
			isa = PBXProject;
			attributes = {
				LastSwiftMigration = 0710;
				LastSwiftUpdateCheck = 0710;
				LastUpgradeCheck = 0630;
				ORGANIZATIONNAME = "Wichitra Wae-useng";
				TargetAttributes = {
					FD5CA64D1B0A3A5D00EEC868 = {
						CreatedOnToolsVersion = 6.3.1;
					};
					FD5CA6661B0A3A5D00EEC868 = {
						CreatedOnToolsVersion = 6.3.1;
						TestTargetID = FD5CA64D1B0A3A5D00EEC868;
					};
				};
			};
			buildConfigurationList = FD5CA6491B0A3A5D00EEC868 /* Build configuration list for PBXProject "FishingTime" */;
			compatibilityVersion = "Xcode 3.2";
			developmentRegion = English;
			hasScannedForEncodings = 0;
			knownRegions = (
				en,
				Base,
			);
			mainGroup = FD5CA6451B0A3A5D00EEC868;
			productRefGroup = FD5CA64F1B0A3A5D00EEC868 /* Products */;
			projectDirPath = "";
			projectRoot = "";
			targets = (
				FD5CA64D1B0A3A5D00EEC868 /* FishingTime */,
				FD5CA6661B0A3A5D00EEC868 /* FishingTimeTests */,
			);
		};
/* End PBXProject section */

/* Begin PBXResourcesBuildPhase section */
		FD5CA64C1B0A3A5D00EEC868 /* Resources */ = {
			isa = PBXResourcesBuildPhase;
			buildActionMask = 2147483647;
			files = (
				DEB00B551B0B2E9600E0169A /* stop2.png in Resources */,
				DEB00B421B0B2E9600E0169A /* Close.png in Resources */,
				DEB00B4C1B0B2E9600E0169A /* on.png in Resources */,
				FD5CA6621B0A3A5D00EEC868 /* LaunchScreen.xib in Resources */,
				DEB00B511B0B2E9600E0169A /* speed2.png in Resources */,
				DEB00B471B0B2E9600E0169A /* level2.png in Resources */,
				DEB00B491B0B2E9600E0169A /* off2.png in Resources */,
				DEB00B4A1B0B2E9600E0169A /* ok.png in Resources */,
				DEB00B4B1B0B2E9600E0169A /* ok2.png in Resources */,
				DEC1EA031BF28CE8002D6594 /* Images.xcassets in Resources */,
				FD5CA6C11B0A94C900EEC868 /* chon.atlas in Resources */,
				FD8069461C1C377B00DF39FC /* background.mp3 in Resources */,
				FD5CA6C31B0A94D400EEC868 /* fish.atlas in Resources */,
				DEB00B501B0B2E9600E0169A /* speed.png in Resources */,
				DEB00B451B0B2E9600E0169A /* HighScore2.png in Resources */,
				DEB00B5B1B0BA5B200E0169A /* canneds.atlas in Resources */,
				DEB00B531B0B2E9600E0169A /* Start2.png in Resources */,
				DEB00B4F1B0B2E9600E0169A /* setting2.png in Resources */,
				DEB00B441B0B2E9600E0169A /* HighScore.png in Resources */,
				DEB00B431B0B2E9600E0169A /* Close2.png in Resources */,
				FD5CA6561B0A3A5D00EEC868 /* GameScene.sks in Resources */,
				DED7DFBF1B0CF77D00430C20 /* shoe.atlas in Resources */,
				DEB00B4E1B0B2E9600E0169A /* setting.png in Resources */,
				DEB00B481B0B2E9600E0169A /* off.png in Resources */,
				DEB00B4D1B0B2E9600E0169A /* on2.png in Resources */,
				DEB00B541B0B2E9600E0169A /* stop.png in Resources */,
				FD5CA65D1B0A3A5D00EEC868 /* Main.storyboard in Resources */,
				DEB00B521B0B2E9600E0169A /* Start.png in Resources */,
				DEB00B461B0B2E9600E0169A /* level.png in Resources */,
			);
			runOnlyForDeploymentPostprocessing = 0;
		};
		FD5CA6651B0A3A5D00EEC868 /* Resources */ = {
			isa = PBXResourcesBuildPhase;
			buildActionMask = 2147483647;
			files = (
			);
			runOnlyForDeploymentPostprocessing = 0;
		};
/* End PBXResourcesBuildPhase section */

/* Begin PBXSourcesBuildPhase section */
		FD5CA64A1B0A3A5D00EEC868 /* Sources */ = {
			isa = PBXSourcesBuildPhase;
			buildActionMask = 2147483647;
			files = (
				FD5CA6BD1B0A8FB300EEC868 /* HighScore.swift in Sources */,
				FDE420F51C1C8D42009C81B2 /* ScoreLevel1.swift in Sources */,
				FD5CA6A91B0A6E7300EEC868 /* Setting.swift in Sources */,
				DEC1E9FF1BF27EF1002D6594 /* Fiah2.swift in Sources */,
				FD5CA6581B0A3A5D00EEC868 /* GameScene.swift in Sources */,
				FDE420F61C1C8D42009C81B2 /* ScoreLevel2.swift in Sources */,
				DE9330C21B0FC7C9008A0A6C /* Enemy.swift in Sources */,
				FDE420FD1C1CAD69009C81B2 /* Man.swift in Sources */,
				DED7DFBD1B0CCFFD00430C20 /* Speed.swift in Sources */,
				DED7DFB91B0CCFD000430C20 /* LevelOne.swift in Sources */,
				DEC1EA011BF287E8002D6594 /* Shoes.swift in Sources */,
				FD5CA65A1B0A3A5D00EEC868 /* GameViewController.swift in Sources */,
				DED7DFBB1B0CCFE500430C20 /* LevelTwo.swift in Sources */,
				DEC1E9FD1BF27453002D6594 /* Fish1.swift in Sources */,
				FD5CA6541B0A3A5D00EEC868 /* AppDelegate.swift in Sources */,
				DE575E1C1BE374D70035CE47 /* PhysicsCategories.swift in Sources */,
				FDE420F91C1CA78B009C81B2 /* Control.swift in Sources */,
				FD5CA6A51B0A6D9900EEC868 /* Play.swift in Sources */,
				FDE420F71C1C8D42009C81B2 /* ScoreSpeed.swift in Sources */,
				DEC1EA051BF29042002D6594 /* Cans.swift in Sources */,
				FDE420FB1C1CABAC009C81B2 /* Rope.swift in Sources */,
			);
			runOnlyForDeploymentPostprocessing = 0;
		};
		FD5CA6631B0A3A5D00EEC868 /* Sources */ = {
			isa = PBXSourcesBuildPhase;
			buildActionMask = 2147483647;
			files = (
				FD5CA66E1B0A3A5D00EEC868 /* FishingTimeTests.swift in Sources */,
			);
			runOnlyForDeploymentPostprocessing = 0;
		};
/* End PBXSourcesBuildPhase section */

/* Begin PBXTargetDependency section */
		FD5CA6691B0A3A5D00EEC868 /* PBXTargetDependency */ = {
			isa = PBXTargetDependency;
			target = FD5CA64D1B0A3A5D00EEC868 /* FishingTime */;
			targetProxy = FD5CA6681B0A3A5D00EEC868 /* PBXContainerItemProxy */;
		};
/* End PBXTargetDependency section */

/* Begin PBXVariantGroup section */
		FD5CA65B1B0A3A5D00EEC868 /* Main.storyboard */ = {
			isa = PBXVariantGroup;
			children = (
				FD5CA65C1B0A3A5D00EEC868 /* Base */,
			);
			name = Main.storyboard;
			sourceTree = "<group>";
		};
		FD5CA6601B0A3A5D00EEC868 /* LaunchScreen.xib */ = {
			isa = PBXVariantGroup;
			children = (
				FD5CA6611B0A3A5D00EEC868 /* Base */,
			);
			name = LaunchScreen.xib;
			sourceTree = "<group>";
		};
/* End PBXVariantGroup section */

/* Begin XCBuildConfiguration section */
		FD5CA66F1B0A3A5D00EEC868 /* Debug */ = {
			isa = XCBuildConfiguration;
			buildSettings = {
				ALWAYS_SEARCH_USER_PATHS = NO;
				CLANG_CXX_LANGUAGE_STANDARD = "gnu++0x";
				CLANG_CXX_LIBRARY = "libc++";
				CLANG_ENABLE_MODULES = YES;
				CLANG_ENABLE_OBJC_ARC = YES;
				CLANG_WARN_BOOL_CONVERSION = YES;
				CLANG_WARN_CONSTANT_CONVERSION = YES;
				CLANG_WARN_DIRECT_OBJC_ISA_USAGE = YES_ERROR;
				CLANG_WARN_EMPTY_BODY = YES;
				CLANG_WARN_ENUM_CONVERSION = YES;
				CLANG_WARN_INT_CONVERSION = YES;
				CLANG_WARN_OBJC_ROOT_CLASS = YES_ERROR;
				CLANG_WARN_UNREACHABLE_CODE = YES;
				CLANG_WARN__DUPLICATE_METHOD_MATCH = YES;
				"CODE_SIGN_IDENTITY[sdk=iphoneos*]" = "iPhone Developer";
				COPY_PHASE_STRIP = NO;
				DEBUG_INFORMATION_FORMAT = "dwarf-with-dsym";
				ENABLE_STRICT_OBJC_MSGSEND = YES;
				GCC_C_LANGUAGE_STANDARD = gnu99;
				GCC_DYNAMIC_NO_PIC = NO;
				GCC_NO_COMMON_BLOCKS = YES;
				GCC_OPTIMIZATION_LEVEL = 0;
				GCC_PREPROCESSOR_DEFINITIONS = (
					"DEBUG=1",
					"$(inherited)",
				);
				GCC_SYMBOLS_PRIVATE_EXTERN = NO;
				GCC_WARN_64_TO_32_BIT_CONVERSION = YES;
				GCC_WARN_ABOUT_RETURN_TYPE = YES_ERROR;
				GCC_WARN_UNDECLARED_SELECTOR = YES;
				GCC_WARN_UNINITIALIZED_AUTOS = YES_AGGRESSIVE;
				GCC_WARN_UNUSED_FUNCTION = YES;
				GCC_WARN_UNUSED_VARIABLE = YES;
				IPHONEOS_DEPLOYMENT_TARGET = 8.3;
				MTL_ENABLE_DEBUG_INFO = YES;
				ONLY_ACTIVE_ARCH = YES;
				SDKROOT = iphoneos;
				SWIFT_OPTIMIZATION_LEVEL = "-Onone";
				TARGETED_DEVICE_FAMILY = "1,2";
			};
			name = Debug;
		};
		FD5CA6701B0A3A5D00EEC868 /* Release */ = {
			isa = XCBuildConfiguration;
			buildSettings = {
				ALWAYS_SEARCH_USER_PATHS = NO;
				CLANG_CXX_LANGUAGE_STANDARD = "gnu++0x";
				CLANG_CXX_LIBRARY = "libc++";
				CLANG_ENABLE_MODULES = YES;
				CLANG_ENABLE_OBJC_ARC = YES;
				CLANG_WARN_BOOL_CONVERSION = YES;
				CLANG_WARN_CONSTANT_CONVERSION = YES;
				CLANG_WARN_DIRECT_OBJC_ISA_USAGE = YES_ERROR;
				CLANG_WARN_EMPTY_BODY = YES;
				CLANG_WARN_ENUM_CONVERSION = YES;
				CLANG_WARN_INT_CONVERSION = YES;
				CLANG_WARN_OBJC_ROOT_CLASS = YES_ERROR;
				CLANG_WARN_UNREACHABLE_CODE = YES;
				CLANG_WARN__DUPLICATE_METHOD_MATCH = YES;
				"CODE_SIGN_IDENTITY[sdk=iphoneos*]" = "iPhone Developer";
				COPY_PHASE_STRIP = NO;
				DEBUG_INFORMATION_FORMAT = "dwarf-with-dsym";
				ENABLE_NS_ASSERTIONS = NO;
				ENABLE_STRICT_OBJC_MSGSEND = YES;
				GCC_C_LANGUAGE_STANDARD = gnu99;
				GCC_NO_COMMON_BLOCKS = YES;
				GCC_WARN_64_TO_32_BIT_CONVERSION = YES;
				GCC_WARN_ABOUT_RETURN_TYPE = YES_ERROR;
				GCC_WARN_UNDECLARED_SELECTOR = YES;
				GCC_WARN_UNINITIALIZED_AUTOS = YES_AGGRESSIVE;
				GCC_WARN_UNUSED_FUNCTION = YES;
				GCC_WARN_UNUSED_VARIABLE = YES;
				IPHONEOS_DEPLOYMENT_TARGET = 8.3;
				MTL_ENABLE_DEBUG_INFO = NO;
				SDKROOT = iphoneos;
				TARGETED_DEVICE_FAMILY = "1,2";
				VALIDATE_PRODUCT = YES;
			};
			name = Release;
		};
		FD5CA6721B0A3A5D00EEC868 /* Debug */ = {
			isa = XCBuildConfiguration;
			buildSettings = {
				ASSETCATALOG_COMPILER_APPICON_NAME = AppIcon;
				INFOPLIST_FILE = FishingTime/Info.plist;
				LD_RUNPATH_SEARCH_PATHS = "$(inherited) @executable_path/Frameworks";
				PRODUCT_NAME = "$(TARGET_NAME)";
			};
			name = Debug;
		};
		FD5CA6731B0A3A5D00EEC868 /* Release */ = {
			isa = XCBuildConfiguration;
			buildSettings = {
				ASSETCATALOG_COMPILER_APPICON_NAME = AppIcon;
				INFOPLIST_FILE = FishingTime/Info.plist;
				LD_RUNPATH_SEARCH_PATHS = "$(inherited) @executable_path/Frameworks";
				PRODUCT_NAME = "$(TARGET_NAME)";
			};
			name = Release;
		};
		FD5CA6751B0A3A5D00EEC868 /* Debug */ = {
			isa = XCBuildConfiguration;
			buildSettings = {
				BUNDLE_LOADER = "$(TEST_HOST)";
				FRAMEWORK_SEARCH_PATHS = (
					"$(SDKROOT)/Developer/Library/Frameworks",
					"$(inherited)",
				);
				GCC_PREPROCESSOR_DEFINITIONS = (
					"DEBUG=1",
					"$(inherited)",
				);
				INFOPLIST_FILE = FishingTimeTests/Info.plist;
				LD_RUNPATH_SEARCH_PATHS = "$(inherited) @executable_path/Frameworks @loader_path/Frameworks";
				PRODUCT_NAME = "$(TARGET_NAME)";
				TEST_HOST = "$(BUILT_PRODUCTS_DIR)/FishingTime.app/FishingTime";
			};
			name = Debug;
		};
		FD5CA6761B0A3A5D00EEC868 /* Release */ = {
			isa = XCBuildConfiguration;
			buildSettings = {
				BUNDLE_LOADER = "$(TEST_HOST)";
				FRAMEWORK_SEARCH_PATHS = (
					"$(SDKROOT)/Developer/Library/Frameworks",
					"$(inherited)",
				);
				INFOPLIST_FILE = FishingTimeTests/Info.plist;
				LD_RUNPATH_SEARCH_PATHS = "$(inherited) @executable_path/Frameworks @loader_path/Frameworks";
				PRODUCT_NAME = "$(TARGET_NAME)";
				TEST_HOST = "$(BUILT_PRODUCTS_DIR)/FishingTime.app/FishingTime";
			};
			name = Release;
		};
/* End XCBuildConfiguration section */

/* Begin XCConfigurationList section */
		FD5CA6491B0A3A5D00EEC868 /* Build configuration list for PBXProject "FishingTime" */ = {
			isa = XCConfigurationList;
			buildConfigurations = (
				FD5CA66F1B0A3A5D00EEC868 /* Debug */,
				FD5CA6701B0A3A5D00EEC868 /* Release */,
			);
			defaultConfigurationIsVisible = 0;
			defaultConfigurationName = Release;
		};
		FD5CA6711B0A3A5D00EEC868 /* Build configuration list for PBXNativeTarget "FishingTime" */ = {
			isa = XCConfigurationList;
			buildConfigurations = (
				FD5CA6721B0A3A5D00EEC868 /* Debug */,
				FD5CA6731B0A3A5D00EEC868 /* Release */,
			);
			defaultConfigurationIsVisible = 0;
			defaultConfigurationName = Release;
		};
		FD5CA6741B0A3A5D00EEC868 /* Build configuration list for PBXNativeTarget "FishingTimeTests" */ = {
			isa = XCConfigurationList;
			buildConfigurations = (
				FD5CA6751B0A3A5D00EEC868 /* Debug */,
				FD5CA6761B0A3A5D00EEC868 /* Release */,
			);
			defaultConfigurationIsVisible = 0;
			defaultConfigurationName = Release;
		};
/* End XCConfigurationList section */
	};
	rootObject = FD5CA6461B0A3A5D00EEC868 /* Project object */;
}
